
Microsoft Visual Studio Solution File, Format Version 12.00
# Visual Studio Version 17
VisualStudioVersion = 17.9.34728.123
MinimumVisualStudioVersion = 10.0.40219.1
Project("{FAE04EC0-301F-11D3-BF4B-00C04F79EFBC}") = "BankAccount_Form", "BankAccount_Form\BankAccount_Form.csproj", "{B544D4FD-5765-4692-8E75-4D01027BD6AA}"
EndProject
Global
	GlobalSection(SolutionConfigurationPlatforms) = preSolution
		Debug|Any CPU = Debug|Any CPU
		Release|Any CPU = Release|Any CPU
	EndGlobalSection
	GlobalSection(ProjectConfigurationPlatforms) = postSolution
		{B544D4FD-5765-4692-8E75-4D01027BD6AA}.Debug|Any CPU.ActiveCfg = Debug|Any CPU
		{B544D4FD-5765-4692-8E75-4D01027BD6AA}.Debug|Any CPU.Build.0 = Debug|Any CPU
		{B544D4FD-5765-4692-8E75-4D01027BD6AA}.Release|Any CPU.ActiveCfg = Release|Any CPU
		{B544D4FD-5765-4692-8E75-4D01027BD6AA}.Release|Any CPU.Build.0 = Release|Any CPU
	EndGlobalSection
	GlobalSection(SolutionProperties) = preSolution
		HideSolutionNode = FALSE
	EndGlobalSection
	GlobalSection(ExtensibilityGlobals) = postSolution
		SolutionGuid = {1EB20C94-F9E0-415F-913F-1A579515E048}
	EndGlobalSection
EndGlobal
